
Microsoft Visual Studio Solution File, Format Version 12.00
# Visual Studio Version 16
VisualStudioVersion = 16.0.29418.71
MinimumVisualStudioVersion = 10.0.40219.1
Project("{FAE04EC0-301F-11D3-BF4B-00C04F79EFBC}") = "ShoppingCart", "ShoppingCart.csproj", "{6066217F-AD9C-4D1D-A07A-E785FCCDF989}"
EndProject
Global
	GlobalSection(SolutionConfigurationPlatforms) = preSolution
		Debug|Any CPU = Debug|Any CPU
		Release|Any CPU = Release|Any CPU
	EndGlobalSection
	GlobalSection(ProjectConfigurationPlatforms) = postSolution
		{6066217F-AD9C-4D1D-A07A-E785FCCDF989}.Debug|Any CPU.ActiveCfg = Debug|Any CPU
		{6066217F-AD9C-4D1D-A07A-E785FCCDF989}.Debug|Any CPU.Build.0 = Debug|Any CPU
		{6066217F-AD9C-4D1D-A07A-E785FCCDF989}.Release|Any CPU.ActiveCfg = Release|Any CPU
		{6066217F-AD9C-4D1D-A07A-E785FCCDF989}.Release|Any CPU.Build.0 = Release|Any CPU
	EndGlobalSection
	GlobalSection(SolutionProperties) = preSolution
		HideSolutionNode = FALSE
	EndGlobalSection
	GlobalSection(ExtensibilityGlobals) = postSolution
		SolutionGuid = {4FD575DA-9F63-4BCB-9273-CE1F0C6E190B}
	EndGlobalSection
EndGlobal
